
Microsoft Visual Studio Solution File, Format Version 12.00
# Visual Studio Version 17
VisualStudioVersion = 17.2.32616.157
MinimumVisualStudioVersion = 10.0.40219.1
Project("{9A19103F-16F7-4668-BE54-9A1E7A4F7556}") = "CardShop", "CardShop\CardShop.csproj", "{D0AA0503-51BE-4736-AC04-B8FB104B6DC4}"
EndProject
Project("{2150E333-8FDC-42A3-9474-1A3956D46DE8}") = "Domain", "Domain", "{5CD814E3-ABD2-496D-8DF5-B5D59FFFCC23}"
EndProject
Project("{9A19103F-16F7-4668-BE54-9A1E7A4F7556}") = "CardShop.Domain", "CardShop.Domain\CardShop.Domain.csproj", "{4970D382-C772-4C55-8751-F262874FFEE4}"
EndProject
Project("{2150E333-8FDC-42A3-9474-1A3956D46DE8}") = "DAL", "DAL", "{48675F14-E5B6-4D36-B8F8-599E1DFBA655}"
EndProject
Project("{9A19103F-16F7-4668-BE54-9A1E7A4F7556}") = "CardShop.DAL", "CardShop.DAL\CardShop.DAL.csproj", "{096F3154-6CB0-4AC7-976B-0D08E396D67B}"
EndProject
Project("{2150E333-8FDC-42A3-9474-1A3956D46DE8}") = "Service", "Service", "{D0105E46-40F3-40D4-90C3-C0E9E665BE88}"
EndProject
Project("{FAE04EC0-301F-11D3-BF4B-00C04F79EFBC}") = "CardShop.Service", "CardShop.Service\CardShop.Service.csproj", "{E1D773F3-2EF0-4178-9772-F39F83925EF3}"
EndProject
Global
	GlobalSection(SolutionConfigurationPlatforms) = preSolution
		Debug|Any CPU = Debug|Any CPU
		Release|Any CPU = Release|Any CPU
	EndGlobalSection
	GlobalSection(ProjectConfigurationPlatforms) = postSolution
		{D0AA0503-51BE-4736-AC04-B8FB104B6DC4}.Debug|Any CPU.ActiveCfg = Debug|Any CPU
		{D0AA0503-51BE-4736-AC04-B8FB104B6DC4}.Debug|Any CPU.Build.0 = Debug|Any CPU
		{D0AA0503-51BE-4736-AC04-B8FB104B6DC4}.Release|Any CPU.ActiveCfg = Release|Any CPU
		{D0AA0503-51BE-4736-AC04-B8FB104B6DC4}.Release|Any CPU.Build.0 = Release|Any CPU
		{4970D382-C772-4C55-8751-F262874FFEE4}.Debug|Any CPU.ActiveCfg = Debug|Any CPU
		{4970D382-C772-4C55-8751-F262874FFEE4}.Debug|Any CPU.Build.0 = Debug|Any CPU
		{4970D382-C772-4C55-8751-F262874FFEE4}.Release|Any CPU.ActiveCfg = Release|Any CPU
		{4970D382-C772-4C55-8751-F262874FFEE4}.Release|Any CPU.Build.0 = Release|Any CPU
		{096F3154-6CB0-4AC7-976B-0D08E396D67B}.Debug|Any CPU.ActiveCfg = Debug|Any CPU
		{096F3154-6CB0-4AC7-976B-0D08E396D67B}.Debug|Any CPU.Build.0 = Debug|Any CPU
		{096F3154-6CB0-4AC7-976B-0D08E396D67B}.Release|Any CPU.ActiveCfg = Release|Any CPU
		{096F3154-6CB0-4AC7-976B-0D08E396D67B}.Release|Any CPU.Build.0 = Release|Any CPU
		{E1D773F3-2EF0-4178-9772-F39F83925EF3}.Debug|Any CPU.ActiveCfg = Debug|Any CPU
		{E1D773F3-2EF0-4178-9772-F39F83925EF3}.Debug|Any CPU.Build.0 = Debug|Any CPU
		{E1D773F3-2EF0-4178-9772-F39F83925EF3}.Release|Any CPU.ActiveCfg = Release|Any CPU
		{E1D773F3-2EF0-4178-9772-F39F83925EF3}.Release|Any CPU.Build.0 = Release|Any CPU
	EndGlobalSection
	GlobalSection(SolutionProperties) = preSolution
		HideSolutionNode = FALSE
	EndGlobalSection
	GlobalSection(NestedProjects) = preSolution
		{4970D382-C772-4C55-8751-F262874FFEE4} = {5CD814E3-ABD2-496D-8DF5-B5D59FFFCC23}
		{096F3154-6CB0-4AC7-976B-0D08E396D67B} = {48675F14-E5B6-4D36-B8F8-599E1DFBA655}
		{E1D773F3-2EF0-4178-9772-F39F83925EF3} = {D0105E46-40F3-40D4-90C3-C0E9E665BE88}
	EndGlobalSection
	GlobalSection(ExtensibilityGlobals) = postSolution
		SolutionGuid = {F43F5538-5684-4C2C-A022-59CE524C933D}
	EndGlobalSection
EndGlobal
